<?xml version="1.0" encoding="utf-8"?>
<Project ToolsVersion="4.0" xmlns="http://schemas.microsoft.com/developer/msbuild/2003">
  <ItemGroup>
    <ClCompile Include="main.cpp" />
    <ClCompile Include="SaveVisitLog.cpp">
      <Filter>Loging</Filter>
    </ClCompile>
    <ClCompile Include="UrlProtQuery.cpp" />
    <ClCompile Include="WhiteUrl.cpp" />
    <ClCompile Include="RedisClient.cpp">
      <Filter>Redis</Filter>
    </ClCompile>
    <ClCompile Include="TestHash.cpp">
      <Filter>Redis</Filter>
    </ClCompile>
    <ClCompile Include="TestBase.cpp">
      <Filter>Redis</Filter>
    </ClCompile>
    <ClCompile Include="TestClient.cpp">
      <Filter>Redis</Filter>
    </ClCompile>
    <ClCompile Include="GPRedis.cpp">
      <Filter>Hiredis</Filter>
    </ClCompile>
    <ClCompile Include="CyberInterceptor.cpp">
      <Filter>Gpengine</Filter>
    </ClCompile>
    <ClCompile Include="HttpParsr.cpp">
      <Filter>Gpengine</Filter>
    </ClCompile>
    <ClCompile Include="GPengine.cpp">
      <Filter>Gpengine</Filter>
    </ClCompile>
    <ClCompile Include="Config.cpp">
      <Filter>Config</Filter>
    </ClCompile>
  </ItemGroup>
  <ItemGroup>
    <Filter Include="Loging">
      <UniqueIdentifier>{4b235997-c93f-4e23-8ba5-2fee4cae5244}</UniqueIdentifier>
    </Filter>
    <Filter Include="Redis">
      <UniqueIdentifier>{a9396f27-b7b4-4172-ab33-79f7a0edae31}</UniqueIdentifier>
    </Filter>
    <Filter Include="Hiredis">
      <UniqueIdentifier>{d96bc817-c067-4891-a9af-01251cfa9122}</UniqueIdentifier>
    </Filter>
    <Filter Include="Gpengine">
      <UniqueIdentifier>{fb0a52af-87b4-4e26-b43b-68962fdf18c4}</UniqueIdentifier>
    </Filter>
    <Filter Include="Config">
      <UniqueIdentifier>{fc4a92fd-1d68-4e24-b0a1-f9b0e3607ba7}</UniqueIdentifier>
    </Filter>
  </ItemGroup>
  <ItemGroup>
    <ClInclude Include="SaveVisitLog.h">
      <Filter>Loging</Filter>
    </ClInclude>
    <ClInclude Include="UrlProtQuery.h" />
    <ClInclude Include="WhiteUrl.h" />
    <ClInclude Include="RedisClient.hpp">
      <Filter>Redis</Filter>
    </ClInclude>
    <ClInclude Include="TestHash.hpp">
      <Filter>Redis</Filter>
    </ClInclude>
    <ClInclude Include="TestBase.hpp">
      <Filter>Redis</Filter>
    </ClInclude>
    <ClInclude Include="TestClient.hpp">
      <Filter>Redis</Filter>
    </ClInclude>
    <ClInclude Include="GPRedis.h">
      <Filter>Hiredis</Filter>
    </ClInclude>
    <ClInclude Include="CyberInterceptor.h">
      <Filter>Gpengine</Filter>
    </ClInclude>
    <ClInclude Include="HttpParsr.h">
      <Filter>Gpengine</Filter>
    </ClInclude>
    <ClInclude Include="GPengine.h">
      <Filter>Gpengine</Filter>
    </ClInclude>
    <ClInclude Include="Config.h">
      <Filter>Config</Filter>
    </ClInclude>
    <ClInclude Include="GpComdef.h">
      <Filter>Gpengine</Filter>
    </ClInclude>
  </ItemGroup>
  <ItemGroup>
    <Xsd Include="config.conf" />
  </ItemGroup>
</Project>